
Microsoft Visual Studio Solution File, Format Version 12.00
# Visual Studio Version 17
VisualStudioVersion = 17.0.31903.59
MinimumVisualStudioVersion = 10.0.40219.1
Project("{2150E333-8FDC-42A3-9474-1A3956D46DE8}") = "UsersApi", "UsersApi", "{02EA681E-C7D8-13C7-8484-4AC65E1B71E8}"
EndProject
Project("{2150E333-8FDC-42A3-9474-1A3956D46DE8}") = "ProductsApi", "ProductsApi", "{610A3114-5EC4-4737-8DF6-B4937838A73F}"
EndProject
Project("{2150E333-8FDC-42A3-9474-1A3956D46DE8}") = "OrdersApi", "OrdersApi", "{4D8902FB-87F3-4A84-BA82-4CF2B8B1A714}"
EndProject
Project("{2150E333-8FDC-42A3-9474-1A3956D46DE8}") = "ApiGateway", "ApiGateway", "{A3E8DF3F-11F5-4DF9-A024-3D57151EF272}"
EndProject
Project("{FAE04EC0-301F-11D3-BF4B-00C04F79EFBC}") = "NexCart.UsersApi", "NexCart.UsersApi\NexCart.UsersApi.csproj", "{F30CB7E5-C25E-4261-AC7D-92898BFDC0E4}"
EndProject
Project("{FAE04EC0-301F-11D3-BF4B-00C04F79EFBC}") = "NexCart.OrdersApi", "NexCart.OrdersApi\NexCart.OrdersApi.csproj", "{ED47C679-6642-4585-8FD6-6B6A21E296C2}"
EndProject
Project("{FAE04EC0-301F-11D3-BF4B-00C04F79EFBC}") = "NexCart.ProductsApi", "NexCart.ProductsApi\NexCart.ProductsApi.csproj", "{5705C94F-47E0-4C73-BDE8-1F51B4FED19E}"
EndProject
Project("{FAE04EC0-301F-11D3-BF4B-00C04F79EFBC}") = "NexCart.Users.DTO", "NexCart.Users.DTO\NexCart.Users.DTO.csproj", "{47934719-A4FE-489C-B314-93F4BBF28889}"
EndProject
Project("{FAE04EC0-301F-11D3-BF4B-00C04F79EFBC}") = "NexCart.Users.Entities", "NexCart.Users.Entities\NexCart.Users.Entities.csproj", "{6ED3BC7A-B3C1-495D-A02F-88D1E96CF9EC}"
EndProject
Project("{FAE04EC0-301F-11D3-BF4B-00C04F79EFBC}") = "NexCart.Users.Services", "NexCart.Users.Services\NexCart.Users.Services.csproj", "{19CB277A-279F-4697-8B7F-B24BBE962497}"
EndProject
Project("{FAE04EC0-301F-11D3-BF4B-00C04F79EFBC}") = "NexCart.Users.RepositoryContracts", "NexCart.Users.RepositoryContracts\NexCart.Users.RepositoryContracts.csproj", "{3D8299BC-A0DC-4E55-8E83-78BE155A02F2}"
EndProject
Project("{FAE04EC0-301F-11D3-BF4B-00C04F79EFBC}") = "NexCart.Users.ServiceContracts", "NexCart.Users.ServiceContracts\NexCart.Users.ServiceContracts.csproj", "{90013BC1-0A21-4CB7-9304-2DE72C88264B}"
EndProject
Project("{FAE04EC0-301F-11D3-BF4B-00C04F79EFBC}") = "NexCart.Users.Mappers", "NexCart.Users.Mappers\NexCart.Users.Mappers.csproj", "{002DDA97-7217-4A79-BBD6-F17144DA6127}"
EndProject
Project("{FAE04EC0-301F-11D3-BF4B-00C04F79EFBC}") = "NexCart.Users.Validators", "NexCart.Users.Validators\NexCart.Users.Validators.csproj", "{ADBF8D6A-BAB8-40C2-82FF-87C22A0BDEA5}"
EndProject
Project("{2150E333-8FDC-42A3-9474-1A3956D46DE8}") = "Infrastructure", "Infrastructure", "{143CD0E7-2FF4-4409-9EB6-225AF028A2AD}"
EndProject
Project("{FAE04EC0-301F-11D3-BF4B-00C04F79EFBC}") = "NexCart.ServiceBus", "NexCart.ServiceBus\NexCart.ServiceBus.csproj", "{DDCD8358-8E47-4A09-ACEF-C8A42978F205}"
EndProject
Project("{FAE04EC0-301F-11D3-BF4B-00C04F79EFBC}") = "NexCart.Orders.DTO", "NexCart.Orders.DTO\NexCart.Orders.DTO.csproj", "{31E16B9A-B8D2-4ED7-AE6D-9E5452609760}"
EndProject
Project("{FAE04EC0-301F-11D3-BF4B-00C04F79EFBC}") = "NexCart.Orders.HttpClients", "NexCart.Orders.HttpClients\NexCart.Orders.HttpClients.csproj", "{C0F42C06-43DE-4B70-9985-545B722CCC91}"
EndProject
Project("{FAE04EC0-301F-11D3-BF4B-00C04F79EFBC}") = "NexCart.Orders.Mappers", "NexCart.Orders.Mappers\NexCart.Orders.Mappers.csproj", "{79115408-773A-4B55-9C88-CF756C4AF0D4}"
EndProject
Project("{FAE04EC0-301F-11D3-BF4B-00C04F79EFBC}") = "NexCart.Orders.Policies", "NexCart.Orders.Policies\NexCart.Orders.Policies.csproj", "{D2B91700-8A9B-456A-B422-1B80A761FFA2}"
EndProject
Project("{FAE04EC0-301F-11D3-BF4B-00C04F79EFBC}") = "NexCart.Orders.ServiceContracts", "NexCart.Orders.ServiceContracts\NexCart.Orders.ServiceContracts.csproj", "{703517D5-9DB4-4D2E-B97A-F4263ABBA0E9}"
EndProject
Project("{FAE04EC0-301F-11D3-BF4B-00C04F79EFBC}") = "NexCart.Orders.Services", "NexCart.Orders.Services\NexCart.Orders.Services.csproj", "{81F03E38-3303-40B2-98CF-9F028CB00E92}"
EndProject
Project("{FAE04EC0-301F-11D3-BF4B-00C04F79EFBC}") = "NexCart.Orders.Validators", "NexCart.Orders.Validators\NexCart.Orders.Validators.csproj", "{D70E4193-9ECC-4B4F-B755-C7F270780B77}"
EndProject
Project("{FAE04EC0-301F-11D3-BF4B-00C04F79EFBC}") = "NexCart.Orders.Helpers", "NexCart.Orders.Helpers\NexCart.Orders.Helpers.csproj", "{92DC1E29-51D0-4F2D-A92E-0EADD3685CE5}"
EndProject
Project("{FAE04EC0-301F-11D3-BF4B-00C04F79EFBC}") = "NexCart.Orders.Entities", "NexCart.Orders.Entities\NexCart.Orders.Entities.csproj", "{10D17B1F-A8C6-4C0B-AFB8-B32D0C386E9D}"
EndProject
Project("{FAE04EC0-301F-11D3-BF4B-00C04F79EFBC}") = "NexCart.Orders.Repositories", "NexCart.Orders.Repositories\NexCart.Orders.Repositories.csproj", "{1664BA6E-5068-478B-B51B-006CC7A1F66B}"
EndProject
Project("{FAE04EC0-301F-11D3-BF4B-00C04F79EFBC}") = "NexCart.Orders.RepositoryContracts", "NexCart.Orders.RepositoryContracts\NexCart.Orders.RepositoryContracts.csproj", "{CB034263-1225-427A-8494-DECE04DBA693}"
EndProject
Project("{FAE04EC0-301F-11D3-BF4B-00C04F79EFBC}") = "NexCart.Products.DTO", "NexCart.Products.DTO\NexCart.Products.DTO.csproj", "{F0592992-B150-4E7F-ACAB-DD7551A02C96}"
EndProject
Project("{FAE04EC0-301F-11D3-BF4B-00C04F79EFBC}") = "NexCart.Products.Mappers", "NexCart.Products.Mappers\NexCart.Products.Mappers.csproj", "{46EA12D9-89F6-46F8-8F61-239A46A21923}"
EndProject
Project("{FAE04EC0-301F-11D3-BF4B-00C04F79EFBC}") = "NexCart.Products.ServiceContracts", "NexCart.Products.ServiceContracts\NexCart.Products.ServiceContracts.csproj", "{54296DED-2088-4CE5-B71C-B28EDB7934DD}"
EndProject
Project("{FAE04EC0-301F-11D3-BF4B-00C04F79EFBC}") = "NexCart.Products.Services", "NexCart.Products.Services\NexCart.Products.Services.csproj", "{14B1C94C-4E5B-45F7-9A5C-D9C6CBEAF4E3}"
EndProject
Project("{FAE04EC0-301F-11D3-BF4B-00C04F79EFBC}") = "NexCart.Products.Validators", "NexCart.Products.Validators\NexCart.Products.Validators.csproj", "{89290597-7168-422C-88E0-509133C96892}"
EndProject
Project("{FAE04EC0-301F-11D3-BF4B-00C04F79EFBC}") = "NexCart.Products.Context", "NexCart.Products.Context\NexCart.Products.Context.csproj", "{D47D3697-23FB-4464-959E-86213E19451B}"
EndProject
Project("{FAE04EC0-301F-11D3-BF4B-00C04F79EFBC}") = "NexCart.Products.Entities", "NexCart.Products.Entities\NexCart.Products.Entities.csproj", "{C2244448-60F5-42D2-AF99-2992B9C45E0A}"
EndProject
Project("{FAE04EC0-301F-11D3-BF4B-00C04F79EFBC}") = "NexCart.Products.Repositories", "NexCart.Products.Repositories\NexCart.Products.Repositories.csproj", "{448C7350-FBE8-46C8-BD87-2970CDECC7FA}"
EndProject
Project("{FAE04EC0-301F-11D3-BF4B-00C04F79EFBC}") = "NexCart.Products.RepositoryContracts", "NexCart.Products.RepositoryContracts\NexCart.Products.RepositoryContracts.csproj", "{3DF66A54-9F69-44A7-AFDD-33C6C3BDB70A}"
EndProject
Project("{FAE04EC0-301F-11D3-BF4B-00C04F79EFBC}") = "NexCart.Products.Helpers", "NexCart.Products.Helpers\NexCart.Products.Helpers.csproj", "{85944B88-C804-48CB-904E-5700E735C3E5}"
EndProject
Project("{2150E333-8FDC-42A3-9474-1A3956D46DE8}") = "Doc.Common", "Doc.Common", "{AFCCDF1B-E5BF-4F84-8447-DE5E1A9EB893}"
EndProject
Project("{FAE04EC0-301F-11D3-BF4B-00C04F79EFBC}") = "Documents", "Documents\Documents.csproj", "{0ECD7417-25E6-4D47-A272-9882061E6468}"
EndProject
Project("{FAE04EC0-301F-11D3-BF4B-00C04F79EFBC}") = "RabbitMQ", "RabbitMQ\RabbitMQ.csproj", "{646D8E75-811D-498D-8DB8-114A743BB150}"
EndProject
Project("{FAE04EC0-301F-11D3-BF4B-00C04F79EFBC}") = "NextCart.Users.Helpers", "NextCart.Users.Helpers\NextCart.Users.Helpers.csproj", "{88EB29A0-DD16-4CC3-8C52-39605349957A}"
EndProject
Project("{FAE04EC0-301F-11D3-BF4B-00C04F79EFBC}") = "NexCart.Users.Infrastructure", "NexCart.Users.Infrastructure\NexCart.Users.Infrastructure.csproj", "{E25344D5-972F-4113-99F3-4A4A6486D311}"
EndProject
Global
	GlobalSection(SolutionConfigurationPlatforms) = preSolution
		Debug|Any CPU = Debug|Any CPU
		Release|Any CPU = Release|Any CPU
	EndGlobalSection
	GlobalSection(ProjectConfigurationPlatforms) = postSolution
		{F30CB7E5-C25E-4261-AC7D-92898BFDC0E4}.Debug|Any CPU.ActiveCfg = Debug|Any CPU
		{F30CB7E5-C25E-4261-AC7D-92898BFDC0E4}.Debug|Any CPU.Build.0 = Debug|Any CPU
		{F30CB7E5-C25E-4261-AC7D-92898BFDC0E4}.Release|Any CPU.ActiveCfg = Release|Any CPU
		{F30CB7E5-C25E-4261-AC7D-92898BFDC0E4}.Release|Any CPU.Build.0 = Release|Any CPU
		{ED47C679-6642-4585-8FD6-6B6A21E296C2}.Debug|Any CPU.ActiveCfg = Debug|Any CPU
		{ED47C679-6642-4585-8FD6-6B6A21E296C2}.Debug|Any CPU.Build.0 = Debug|Any CPU
		{ED47C679-6642-4585-8FD6-6B6A21E296C2}.Release|Any CPU.ActiveCfg = Release|Any CPU
		{ED47C679-6642-4585-8FD6-6B6A21E296C2}.Release|Any CPU.Build.0 = Release|Any CPU
		{5705C94F-47E0-4C73-BDE8-1F51B4FED19E}.Debug|Any CPU.ActiveCfg = Debug|Any CPU
		{5705C94F-47E0-4C73-BDE8-1F51B4FED19E}.Debug|Any CPU.Build.0 = Debug|Any CPU
		{5705C94F-47E0-4C73-BDE8-1F51B4FED19E}.Release|Any CPU.ActiveCfg = Release|Any CPU
		{5705C94F-47E0-4C73-BDE8-1F51B4FED19E}.Release|Any CPU.Build.0 = Release|Any CPU
		{47934719-A4FE-489C-B314-93F4BBF28889}.Debug|Any CPU.ActiveCfg = Debug|Any CPU
		{47934719-A4FE-489C-B314-93F4BBF28889}.Debug|Any CPU.Build.0 = Debug|Any CPU
		{47934719-A4FE-489C-B314-93F4BBF28889}.Release|Any CPU.ActiveCfg = Release|Any CPU
		{47934719-A4FE-489C-B314-93F4BBF28889}.Release|Any CPU.Build.0 = Release|Any CPU
		{6ED3BC7A-B3C1-495D-A02F-88D1E96CF9EC}.Debug|Any CPU.ActiveCfg = Debug|Any CPU
		{6ED3BC7A-B3C1-495D-A02F-88D1E96CF9EC}.Debug|Any CPU.Build.0 = Debug|Any CPU
		{6ED3BC7A-B3C1-495D-A02F-88D1E96CF9EC}.Release|Any CPU.ActiveCfg = Release|Any CPU
		{6ED3BC7A-B3C1-495D-A02F-88D1E96CF9EC}.Release|Any CPU.Build.0 = Release|Any CPU
		{19CB277A-279F-4697-8B7F-B24BBE962497}.Debug|Any CPU.ActiveCfg = Debug|Any CPU
		{19CB277A-279F-4697-8B7F-B24BBE962497}.Debug|Any CPU.Build.0 = Debug|Any CPU
		{19CB277A-279F-4697-8B7F-B24BBE962497}.Release|Any CPU.ActiveCfg = Release|Any CPU
		{19CB277A-279F-4697-8B7F-B24BBE962497}.Release|Any CPU.Build.0 = Release|Any CPU
		{3D8299BC-A0DC-4E55-8E83-78BE155A02F2}.Debug|Any CPU.ActiveCfg = Debug|Any CPU
		{3D8299BC-A0DC-4E55-8E83-78BE155A02F2}.Debug|Any CPU.Build.0 = Debug|Any CPU
		{3D8299BC-A0DC-4E55-8E83-78BE155A02F2}.Release|Any CPU.ActiveCfg = Release|Any CPU
		{3D8299BC-A0DC-4E55-8E83-78BE155A02F2}.Release|Any CPU.Build.0 = Release|Any CPU
		{90013BC1-0A21-4CB7-9304-2DE72C88264B}.Debug|Any CPU.ActiveCfg = Debug|Any CPU
		{90013BC1-0A21-4CB7-9304-2DE72C88264B}.Debug|Any CPU.Build.0 = Debug|Any CPU
		{90013BC1-0A21-4CB7-9304-2DE72C88264B}.Release|Any CPU.ActiveCfg = Release|Any CPU
		{90013BC1-0A21-4CB7-9304-2DE72C88264B}.Release|Any CPU.Build.0 = Release|Any CPU
		{002DDA97-7217-4A79-BBD6-F17144DA6127}.Debug|Any CPU.ActiveCfg = Debug|Any CPU
		{002DDA97-7217-4A79-BBD6-F17144DA6127}.Debug|Any CPU.Build.0 = Debug|Any CPU
		{002DDA97-7217-4A79-BBD6-F17144DA6127}.Release|Any CPU.ActiveCfg = Release|Any CPU
		{002DDA97-7217-4A79-BBD6-F17144DA6127}.Release|Any CPU.Build.0 = Release|Any CPU
		{ADBF8D6A-BAB8-40C2-82FF-87C22A0BDEA5}.Debug|Any CPU.ActiveCfg = Debug|Any CPU
		{ADBF8D6A-BAB8-40C2-82FF-87C22A0BDEA5}.Debug|Any CPU.Build.0 = Debug|Any CPU
		{ADBF8D6A-BAB8-40C2-82FF-87C22A0BDEA5}.Release|Any CPU.ActiveCfg = Release|Any CPU
		{ADBF8D6A-BAB8-40C2-82FF-87C22A0BDEA5}.Release|Any CPU.Build.0 = Release|Any CPU
		{DDCD8358-8E47-4A09-ACEF-C8A42978F205}.Debug|Any CPU.ActiveCfg = Debug|Any CPU
		{DDCD8358-8E47-4A09-ACEF-C8A42978F205}.Debug|Any CPU.Build.0 = Debug|Any CPU
		{DDCD8358-8E47-4A09-ACEF-C8A42978F205}.Release|Any CPU.ActiveCfg = Release|Any CPU
		{DDCD8358-8E47-4A09-ACEF-C8A42978F205}.Release|Any CPU.Build.0 = Release|Any CPU
		{31E16B9A-B8D2-4ED7-AE6D-9E5452609760}.Debug|Any CPU.ActiveCfg = Debug|Any CPU
		{31E16B9A-B8D2-4ED7-AE6D-9E5452609760}.Debug|Any CPU.Build.0 = Debug|Any CPU
		{31E16B9A-B8D2-4ED7-AE6D-9E5452609760}.Release|Any CPU.ActiveCfg = Release|Any CPU
		{31E16B9A-B8D2-4ED7-AE6D-9E5452609760}.Release|Any CPU.Build.0 = Release|Any CPU
		{C0F42C06-43DE-4B70-9985-545B722CCC91}.Debug|Any CPU.ActiveCfg = Debug|Any CPU
		{C0F42C06-43DE-4B70-9985-545B722CCC91}.Debug|Any CPU.Build.0 = Debug|Any CPU
		{C0F42C06-43DE-4B70-9985-545B722CCC91}.Release|Any CPU.ActiveCfg = Release|Any CPU
		{C0F42C06-43DE-4B70-9985-545B722CCC91}.Release|Any CPU.Build.0 = Release|Any CPU
		{79115408-773A-4B55-9C88-CF756C4AF0D4}.Debug|Any CPU.ActiveCfg = Debug|Any CPU
		{79115408-773A-4B55-9C88-CF756C4AF0D4}.Debug|Any CPU.Build.0 = Debug|Any CPU
		{79115408-773A-4B55-9C88-CF756C4AF0D4}.Release|Any CPU.ActiveCfg = Release|Any CPU
		{79115408-773A-4B55-9C88-CF756C4AF0D4}.Release|Any CPU.Build.0 = Release|Any CPU
		{D2B91700-8A9B-456A-B422-1B80A761FFA2}.Debug|Any CPU.ActiveCfg = Debug|Any CPU
		{D2B91700-8A9B-456A-B422-1B80A761FFA2}.Debug|Any CPU.Build.0 = Debug|Any CPU
		{D2B91700-8A9B-456A-B422-1B80A761FFA2}.Release|Any CPU.ActiveCfg = Release|Any CPU
		{D2B91700-8A9B-456A-B422-1B80A761FFA2}.Release|Any CPU.Build.0 = Release|Any CPU
		{703517D5-9DB4-4D2E-B97A-F4263ABBA0E9}.Debug|Any CPU.ActiveCfg = Debug|Any CPU
		{703517D5-9DB4-4D2E-B97A-F4263ABBA0E9}.Debug|Any CPU.Build.0 = Debug|Any CPU
		{703517D5-9DB4-4D2E-B97A-F4263ABBA0E9}.Release|Any CPU.ActiveCfg = Release|Any CPU
		{703517D5-9DB4-4D2E-B97A-F4263ABBA0E9}.Release|Any CPU.Build.0 = Release|Any CPU
		{81F03E38-3303-40B2-98CF-9F028CB00E92}.Debug|Any CPU.ActiveCfg = Debug|Any CPU
		{81F03E38-3303-40B2-98CF-9F028CB00E92}.Debug|Any CPU.Build.0 = Debug|Any CPU
		{81F03E38-3303-40B2-98CF-9F028CB00E92}.Release|Any CPU.ActiveCfg = Release|Any CPU
		{81F03E38-3303-40B2-98CF-9F028CB00E92}.Release|Any CPU.Build.0 = Release|Any CPU
		{D70E4193-9ECC-4B4F-B755-C7F270780B77}.Debug|Any CPU.ActiveCfg = Debug|Any CPU
		{D70E4193-9ECC-4B4F-B755-C7F270780B77}.Debug|Any CPU.Build.0 = Debug|Any CPU
		{D70E4193-9ECC-4B4F-B755-C7F270780B77}.Release|Any CPU.ActiveCfg = Release|Any CPU
		{D70E4193-9ECC-4B4F-B755-C7F270780B77}.Release|Any CPU.Build.0 = Release|Any CPU
		{92DC1E29-51D0-4F2D-A92E-0EADD3685CE5}.Debug|Any CPU.ActiveCfg = Debug|Any CPU
		{92DC1E29-51D0-4F2D-A92E-0EADD3685CE5}.Debug|Any CPU.Build.0 = Debug|Any CPU
		{92DC1E29-51D0-4F2D-A92E-0EADD3685CE5}.Release|Any CPU.ActiveCfg = Release|Any CPU
		{92DC1E29-51D0-4F2D-A92E-0EADD3685CE5}.Release|Any CPU.Build.0 = Release|Any CPU
		{10D17B1F-A8C6-4C0B-AFB8-B32D0C386E9D}.Debug|Any CPU.ActiveCfg = Debug|Any CPU
		{10D17B1F-A8C6-4C0B-AFB8-B32D0C386E9D}.Debug|Any CPU.Build.0 = Debug|Any CPU
		{10D17B1F-A8C6-4C0B-AFB8-B32D0C386E9D}.Release|Any CPU.ActiveCfg = Release|Any CPU
		{10D17B1F-A8C6-4C0B-AFB8-B32D0C386E9D}.Release|Any CPU.Build.0 = Release|Any CPU
		{1664BA6E-5068-478B-B51B-006CC7A1F66B}.Debug|Any CPU.ActiveCfg = Debug|Any CPU
		{1664BA6E-5068-478B-B51B-006CC7A1F66B}.Debug|Any CPU.Build.0 = Debug|Any CPU
		{1664BA6E-5068-478B-B51B-006CC7A1F66B}.Release|Any CPU.ActiveCfg = Release|Any CPU
		{1664BA6E-5068-478B-B51B-006CC7A1F66B}.Release|Any CPU.Build.0 = Release|Any CPU
		{CB034263-1225-427A-8494-DECE04DBA693}.Debug|Any CPU.ActiveCfg = Debug|Any CPU
		{CB034263-1225-427A-8494-DECE04DBA693}.Debug|Any CPU.Build.0 = Debug|Any CPU
		{CB034263-1225-427A-8494-DECE04DBA693}.Release|Any CPU.ActiveCfg = Release|Any CPU
		{CB034263-1225-427A-8494-DECE04DBA693}.Release|Any CPU.Build.0 = Release|Any CPU
		{F0592992-B150-4E7F-ACAB-DD7551A02C96}.Debug|Any CPU.ActiveCfg = Debug|Any CPU
		{F0592992-B150-4E7F-ACAB-DD7551A02C96}.Debug|Any CPU.Build.0 = Debug|Any CPU
		{F0592992-B150-4E7F-ACAB-DD7551A02C96}.Release|Any CPU.ActiveCfg = Release|Any CPU
		{F0592992-B150-4E7F-ACAB-DD7551A02C96}.Release|Any CPU.Build.0 = Release|Any CPU
		{46EA12D9-89F6-46F8-8F61-239A46A21923}.Debug|Any CPU.ActiveCfg = Debug|Any CPU
		{46EA12D9-89F6-46F8-8F61-239A46A21923}.Debug|Any CPU.Build.0 = Debug|Any CPU
		{46EA12D9-89F6-46F8-8F61-239A46A21923}.Release|Any CPU.ActiveCfg = Release|Any CPU
		{46EA12D9-89F6-46F8-8F61-239A46A21923}.Release|Any CPU.Build.0 = Release|Any CPU
		{54296DED-2088-4CE5-B71C-B28EDB7934DD}.Debug|Any CPU.ActiveCfg = Debug|Any CPU
		{54296DED-2088-4CE5-B71C-B28EDB7934DD}.Debug|Any CPU.Build.0 = Debug|Any CPU
		{54296DED-2088-4CE5-B71C-B28EDB7934DD}.Release|Any CPU.ActiveCfg = Release|Any CPU
		{54296DED-2088-4CE5-B71C-B28EDB7934DD}.Release|Any CPU.Build.0 = Release|Any CPU
		{14B1C94C-4E5B-45F7-9A5C-D9C6CBEAF4E3}.Debug|Any CPU.ActiveCfg = Debug|Any CPU
		{14B1C94C-4E5B-45F7-9A5C-D9C6CBEAF4E3}.Debug|Any CPU.Build.0 = Debug|Any CPU
		{14B1C94C-4E5B-45F7-9A5C-D9C6CBEAF4E3}.Release|Any CPU.ActiveCfg = Release|Any CPU
		{14B1C94C-4E5B-45F7-9A5C-D9C6CBEAF4E3}.Release|Any CPU.Build.0 = Release|Any CPU
		{89290597-7168-422C-88E0-509133C96892}.Debug|Any CPU.ActiveCfg = Debug|Any CPU
		{89290597-7168-422C-88E0-509133C96892}.Debug|Any CPU.Build.0 = Debug|Any CPU
		{89290597-7168-422C-88E0-509133C96892}.Release|Any CPU.ActiveCfg = Release|Any CPU
		{89290597-7168-422C-88E0-509133C96892}.Release|Any CPU.Build.0 = Release|Any CPU
		{D47D3697-23FB-4464-959E-86213E19451B}.Debug|Any CPU.ActiveCfg = Debug|Any CPU
		{D47D3697-23FB-4464-959E-86213E19451B}.Debug|Any CPU.Build.0 = Debug|Any CPU
		{D47D3697-23FB-4464-959E-86213E19451B}.Release|Any CPU.ActiveCfg = Release|Any CPU
		{D47D3697-23FB-4464-959E-86213E19451B}.Release|Any CPU.Build.0 = Release|Any CPU
		{C2244448-60F5-42D2-AF99-2992B9C45E0A}.Debug|Any CPU.ActiveCfg = Debug|Any CPU
		{C2244448-60F5-42D2-AF99-2992B9C45E0A}.Debug|Any CPU.Build.0 = Debug|Any CPU
		{C2244448-60F5-42D2-AF99-2992B9C45E0A}.Release|Any CPU.ActiveCfg = Release|Any CPU
		{C2244448-60F5-42D2-AF99-2992B9C45E0A}.Release|Any CPU.Build.0 = Release|Any CPU
		{448C7350-FBE8-46C8-BD87-2970CDECC7FA}.Debug|Any CPU.ActiveCfg = Debug|Any CPU
		{448C7350-FBE8-46C8-BD87-2970CDECC7FA}.Debug|Any CPU.Build.0 = Debug|Any CPU
		{448C7350-FBE8-46C8-BD87-2970CDECC7FA}.Release|Any CPU.ActiveCfg = Release|Any CPU
		{448C7350-FBE8-46C8-BD87-2970CDECC7FA}.Release|Any CPU.Build.0 = Release|Any CPU
		{3DF66A54-9F69-44A7-AFDD-33C6C3BDB70A}.Debug|Any CPU.ActiveCfg = Debug|Any CPU
		{3DF66A54-9F69-44A7-AFDD-33C6C3BDB70A}.Debug|Any CPU.Build.0 = Debug|Any CPU
		{3DF66A54-9F69-44A7-AFDD-33C6C3BDB70A}.Release|Any CPU.ActiveCfg = Release|Any CPU
		{3DF66A54-9F69-44A7-AFDD-33C6C3BDB70A}.Release|Any CPU.Build.0 = Release|Any CPU
		{85944B88-C804-48CB-904E-5700E735C3E5}.Debug|Any CPU.ActiveCfg = Debug|Any CPU
		{85944B88-C804-48CB-904E-5700E735C3E5}.Debug|Any CPU.Build.0 = Debug|Any CPU
		{85944B88-C804-48CB-904E-5700E735C3E5}.Release|Any CPU.ActiveCfg = Release|Any CPU
		{85944B88-C804-48CB-904E-5700E735C3E5}.Release|Any CPU.Build.0 = Release|Any CPU
		{0ECD7417-25E6-4D47-A272-9882061E6468}.Debug|Any CPU.ActiveCfg = Debug|Any CPU
		{0ECD7417-25E6-4D47-A272-9882061E6468}.Debug|Any CPU.Build.0 = Debug|Any CPU
		{0ECD7417-25E6-4D47-A272-9882061E6468}.Release|Any CPU.ActiveCfg = Release|Any CPU
		{0ECD7417-25E6-4D47-A272-9882061E6468}.Release|Any CPU.Build.0 = Release|Any CPU
		{646D8E75-811D-498D-8DB8-114A743BB150}.Debug|Any CPU.ActiveCfg = Debug|Any CPU
		{646D8E75-811D-498D-8DB8-114A743BB150}.Debug|Any CPU.Build.0 = Debug|Any CPU
		{646D8E75-811D-498D-8DB8-114A743BB150}.Release|Any CPU.ActiveCfg = Release|Any CPU
		{646D8E75-811D-498D-8DB8-114A743BB150}.Release|Any CPU.Build.0 = Release|Any CPU
		{88EB29A0-DD16-4CC3-8C52-39605349957A}.Debug|Any CPU.ActiveCfg = Debug|Any CPU
		{88EB29A0-DD16-4CC3-8C52-39605349957A}.Debug|Any CPU.Build.0 = Debug|Any CPU
		{88EB29A0-DD16-4CC3-8C52-39605349957A}.Release|Any CPU.ActiveCfg = Release|Any CPU
		{88EB29A0-DD16-4CC3-8C52-39605349957A}.Release|Any CPU.Build.0 = Release|Any CPU
		{E25344D5-972F-4113-99F3-4A4A6486D311}.Debug|Any CPU.ActiveCfg = Debug|Any CPU
		{E25344D5-972F-4113-99F3-4A4A6486D311}.Debug|Any CPU.Build.0 = Debug|Any CPU
		{E25344D5-972F-4113-99F3-4A4A6486D311}.Release|Any CPU.ActiveCfg = Release|Any CPU
		{E25344D5-972F-4113-99F3-4A4A6486D311}.Release|Any CPU.Build.0 = Release|Any CPU
	EndGlobalSection
	GlobalSection(SolutionProperties) = preSolution
		HideSolutionNode = FALSE
	EndGlobalSection
	GlobalSection(NestedProjects) = preSolution
		{F30CB7E5-C25E-4261-AC7D-92898BFDC0E4} = {02EA681E-C7D8-13C7-8484-4AC65E1B71E8}
		{ED47C679-6642-4585-8FD6-6B6A21E296C2} = {4D8902FB-87F3-4A84-BA82-4CF2B8B1A714}
		{5705C94F-47E0-4C73-BDE8-1F51B4FED19E} = {610A3114-5EC4-4737-8DF6-B4937838A73F}
		{47934719-A4FE-489C-B314-93F4BBF28889} = {02EA681E-C7D8-13C7-8484-4AC65E1B71E8}
		{6ED3BC7A-B3C1-495D-A02F-88D1E96CF9EC} = {02EA681E-C7D8-13C7-8484-4AC65E1B71E8}
		{19CB277A-279F-4697-8B7F-B24BBE962497} = {02EA681E-C7D8-13C7-8484-4AC65E1B71E8}
		{3D8299BC-A0DC-4E55-8E83-78BE155A02F2} = {02EA681E-C7D8-13C7-8484-4AC65E1B71E8}
		{90013BC1-0A21-4CB7-9304-2DE72C88264B} = {02EA681E-C7D8-13C7-8484-4AC65E1B71E8}
		{002DDA97-7217-4A79-BBD6-F17144DA6127} = {02EA681E-C7D8-13C7-8484-4AC65E1B71E8}
		{ADBF8D6A-BAB8-40C2-82FF-87C22A0BDEA5} = {02EA681E-C7D8-13C7-8484-4AC65E1B71E8}
		{DDCD8358-8E47-4A09-ACEF-C8A42978F205} = {A3E8DF3F-11F5-4DF9-A024-3D57151EF272}
		{31E16B9A-B8D2-4ED7-AE6D-9E5452609760} = {4D8902FB-87F3-4A84-BA82-4CF2B8B1A714}
		{C0F42C06-43DE-4B70-9985-545B722CCC91} = {4D8902FB-87F3-4A84-BA82-4CF2B8B1A714}
		{79115408-773A-4B55-9C88-CF756C4AF0D4} = {4D8902FB-87F3-4A84-BA82-4CF2B8B1A714}
		{D2B91700-8A9B-456A-B422-1B80A761FFA2} = {4D8902FB-87F3-4A84-BA82-4CF2B8B1A714}
		{703517D5-9DB4-4D2E-B97A-F4263ABBA0E9} = {4D8902FB-87F3-4A84-BA82-4CF2B8B1A714}
		{81F03E38-3303-40B2-98CF-9F028CB00E92} = {4D8902FB-87F3-4A84-BA82-4CF2B8B1A714}
		{D70E4193-9ECC-4B4F-B755-C7F270780B77} = {4D8902FB-87F3-4A84-BA82-4CF2B8B1A714}
		{92DC1E29-51D0-4F2D-A92E-0EADD3685CE5} = {4D8902FB-87F3-4A84-BA82-4CF2B8B1A714}
		{10D17B1F-A8C6-4C0B-AFB8-B32D0C386E9D} = {4D8902FB-87F3-4A84-BA82-4CF2B8B1A714}
		{1664BA6E-5068-478B-B51B-006CC7A1F66B} = {4D8902FB-87F3-4A84-BA82-4CF2B8B1A714}
		{CB034263-1225-427A-8494-DECE04DBA693} = {4D8902FB-87F3-4A84-BA82-4CF2B8B1A714}
		{F0592992-B150-4E7F-ACAB-DD7551A02C96} = {610A3114-5EC4-4737-8DF6-B4937838A73F}
		{46EA12D9-89F6-46F8-8F61-239A46A21923} = {610A3114-5EC4-4737-8DF6-B4937838A73F}
		{54296DED-2088-4CE5-B71C-B28EDB7934DD} = {610A3114-5EC4-4737-8DF6-B4937838A73F}
		{14B1C94C-4E5B-45F7-9A5C-D9C6CBEAF4E3} = {610A3114-5EC4-4737-8DF6-B4937838A73F}
		{89290597-7168-422C-88E0-509133C96892} = {610A3114-5EC4-4737-8DF6-B4937838A73F}
		{D47D3697-23FB-4464-959E-86213E19451B} = {610A3114-5EC4-4737-8DF6-B4937838A73F}
		{C2244448-60F5-42D2-AF99-2992B9C45E0A} = {610A3114-5EC4-4737-8DF6-B4937838A73F}
		{448C7350-FBE8-46C8-BD87-2970CDECC7FA} = {610A3114-5EC4-4737-8DF6-B4937838A73F}
		{3DF66A54-9F69-44A7-AFDD-33C6C3BDB70A} = {610A3114-5EC4-4737-8DF6-B4937838A73F}
		{85944B88-C804-48CB-904E-5700E735C3E5} = {610A3114-5EC4-4737-8DF6-B4937838A73F}
		{0ECD7417-25E6-4D47-A272-9882061E6468} = {AFCCDF1B-E5BF-4F84-8447-DE5E1A9EB893}
		{646D8E75-811D-498D-8DB8-114A743BB150} = {610A3114-5EC4-4737-8DF6-B4937838A73F}
		{88EB29A0-DD16-4CC3-8C52-39605349957A} = {02EA681E-C7D8-13C7-8484-4AC65E1B71E8}
		{E25344D5-972F-4113-99F3-4A4A6486D311} = {02EA681E-C7D8-13C7-8484-4AC65E1B71E8}
	EndGlobalSection
	GlobalSection(ExtensibilityGlobals) = postSolution
		SolutionGuid = {9AD50361-8C47-4011-9E28-3268041A654A}
	EndGlobalSection
EndGlobal
